
Microsoft Visual Studio Solution File, Format Version 12.00
# Visual Studio 2012
Project("{FAE04EC0-301F-11D3-BF4B-00C04F79EFBC}") = "APFTestingUI", "APFTestingUI\APFTestingUI.csproj", "{F80FBA9A-D2DA-40D0-93F7-231B7BE9B517}"
EndProject
Project("{FAE04EC0-301F-11D3-BF4B-00C04F79EFBC}") = "APFTestingUI.Tests", "APFTestingUI.Tests\APFTestingUI.Tests.csproj", "{4E1D1A44-5486-4E24-B3E1-5567E6AE7411}"
EndProject
Project("{FAE04EC0-301F-11D3-BF4B-00C04F79EFBC}") = "APFTestingModel", "APFTestingModel\APFTestingModel.csproj", "{ECF00D40-4554-4DA2-AF68-848FF0B6D169}"
	ProjectSection(ProjectDependencies) = postProject
		{D6E610ED-E37E-4544-BC14-F1AFE26AC99C} = {D6E610ED-E37E-4544-BC14-F1AFE26AC99C}
	EndProjectSection
EndProject
Project("{FAE04EC0-301F-11D3-BF4B-00C04F79EFBC}") = "APFTestingModel.Tests", "APFTestingModel.Tests\APFTestingModel.Tests.csproj", "{C0F00266-3AC0-4E0D-AA0C-099236C3948C}"
EndProject
Project("{FAE04EC0-301F-11D3-BF4B-00C04F79EFBC}") = "APFTestingMembership", "APFTestingMembership\APFTestingMembership.csproj", "{D20D7697-9C41-439C-8F51-BCEF6B4D429B}"
EndProject
Project("{FAE04EC0-301F-11D3-BF4B-00C04F79EFBC}") = "APFTestingServices", "APFTestingServices\APFTestingServices.csproj", "{2FC47278-55DF-48FC-9C9B-97F2A137F7F3}"
EndProject
Project("{FAE04EC0-301F-11D3-BF4B-00C04F79EFBC}") = "EmailService", "EmailService\EmailService.csproj", "{D6E610ED-E37E-4544-BC14-F1AFE26AC99C}"
EndProject
Project("{FAE04EC0-301F-11D3-BF4B-00C04F79EFBC}") = "APFTestingHookIn", "APFTestingHookIn\APFTestingHookIn.csproj", "{C3742973-57C3-465B-86EA-86E456B51670}"
EndProject
Global
	GlobalSection(SolutionConfigurationPlatforms) = preSolution
		Debug|Any CPU = Debug|Any CPU
		Release|Any CPU = Release|Any CPU
	EndGlobalSection
	GlobalSection(ProjectConfigurationPlatforms) = postSolution
		{F80FBA9A-D2DA-40D0-93F7-231B7BE9B517}.Debug|Any CPU.ActiveCfg = Debug|Any CPU
		{F80FBA9A-D2DA-40D0-93F7-231B7BE9B517}.Debug|Any CPU.Build.0 = Debug|Any CPU
		{F80FBA9A-D2DA-40D0-93F7-231B7BE9B517}.Release|Any CPU.ActiveCfg = Release|Any CPU
		{F80FBA9A-D2DA-40D0-93F7-231B7BE9B517}.Release|Any CPU.Build.0 = Release|Any CPU
		{4E1D1A44-5486-4E24-B3E1-5567E6AE7411}.Debug|Any CPU.ActiveCfg = Debug|Any CPU
		{4E1D1A44-5486-4E24-B3E1-5567E6AE7411}.Debug|Any CPU.Build.0 = Debug|Any CPU
		{4E1D1A44-5486-4E24-B3E1-5567E6AE7411}.Release|Any CPU.ActiveCfg = Release|Any CPU
		{4E1D1A44-5486-4E24-B3E1-5567E6AE7411}.Release|Any CPU.Build.0 = Release|Any CPU
		{ECF00D40-4554-4DA2-AF68-848FF0B6D169}.Debug|Any CPU.ActiveCfg = Debug|Any CPU
		{ECF00D40-4554-4DA2-AF68-848FF0B6D169}.Debug|Any CPU.Build.0 = Debug|Any CPU
		{ECF00D40-4554-4DA2-AF68-848FF0B6D169}.Release|Any CPU.ActiveCfg = Release|Any CPU
		{ECF00D40-4554-4DA2-AF68-848FF0B6D169}.Release|Any CPU.Build.0 = Release|Any CPU
		{C0F00266-3AC0-4E0D-AA0C-099236C3948C}.Debug|Any CPU.ActiveCfg = Debug|Any CPU
		{C0F00266-3AC0-4E0D-AA0C-099236C3948C}.Debug|Any CPU.Build.0 = Debug|Any CPU
		{C0F00266-3AC0-4E0D-AA0C-099236C3948C}.Release|Any CPU.ActiveCfg = Release|Any CPU
		{C0F00266-3AC0-4E0D-AA0C-099236C3948C}.Release|Any CPU.Build.0 = Release|Any CPU
		{D20D7697-9C41-439C-8F51-BCEF6B4D429B}.Debug|Any CPU.ActiveCfg = Debug|Any CPU
		{D20D7697-9C41-439C-8F51-BCEF6B4D429B}.Debug|Any CPU.Build.0 = Debug|Any CPU
		{D20D7697-9C41-439C-8F51-BCEF6B4D429B}.Release|Any CPU.ActiveCfg = Release|Any CPU
		{D20D7697-9C41-439C-8F51-BCEF6B4D429B}.Release|Any CPU.Build.0 = Release|Any CPU
		{2FC47278-55DF-48FC-9C9B-97F2A137F7F3}.Debug|Any CPU.ActiveCfg = Debug|Any CPU
		{2FC47278-55DF-48FC-9C9B-97F2A137F7F3}.Debug|Any CPU.Build.0 = Debug|Any CPU
		{2FC47278-55DF-48FC-9C9B-97F2A137F7F3}.Release|Any CPU.ActiveCfg = Release|Any CPU
		{2FC47278-55DF-48FC-9C9B-97F2A137F7F3}.Release|Any CPU.Build.0 = Release|Any CPU
		{D6E610ED-E37E-4544-BC14-F1AFE26AC99C}.Debug|Any CPU.ActiveCfg = Debug|Any CPU
		{D6E610ED-E37E-4544-BC14-F1AFE26AC99C}.Debug|Any CPU.Build.0 = Debug|Any CPU
		{D6E610ED-E37E-4544-BC14-F1AFE26AC99C}.Release|Any CPU.ActiveCfg = Release|Any CPU
		{D6E610ED-E37E-4544-BC14-F1AFE26AC99C}.Release|Any CPU.Build.0 = Release|Any CPU
		{C3742973-57C3-465B-86EA-86E456B51670}.Debug|Any CPU.ActiveCfg = Debug|Any CPU
		{C3742973-57C3-465B-86EA-86E456B51670}.Debug|Any CPU.Build.0 = Debug|Any CPU
		{C3742973-57C3-465B-86EA-86E456B51670}.Release|Any CPU.ActiveCfg = Release|Any CPU
		{C3742973-57C3-465B-86EA-86E456B51670}.Release|Any CPU.Build.0 = Release|Any CPU
	EndGlobalSection
	GlobalSection(SolutionProperties) = preSolution
		HideSolutionNode = FALSE
	EndGlobalSection
	GlobalSection(ExtensibilityGlobals) = postSolution
		EnterpriseLibraryConfigurationToolBinariesPath = packages\Unity.2.1.505.2\lib\NET35
	EndGlobalSection
EndGlobal
